
Microsoft Visual Studio Solution File, Format Version 12.00
# Visual Studio 15
VisualStudioVersion = 15.0.27130.2026
MinimumVisualStudioVersion = 10.0.40219.1
Project("{FAE04EC0-301F-11D3-BF4B-00C04F79EFBC}") = "HeartCore", "HeartCore\HeartCore.csproj", "{86881C3A-C784-4DC1-B8BE-3457E66A242F}"
EndProject
Global
	GlobalSection(SolutionConfigurationPlatforms) = preSolution
		Debug|Any CPU = Debug|Any CPU
		Release|Any CPU = Release|Any CPU
	EndGlobalSection
	GlobalSection(ProjectConfigurationPlatforms) = postSolution
		{86881C3A-C784-4DC1-B8BE-3457E66A242F}.Debug|Any CPU.ActiveCfg = Debug|Any CPU
		{86881C3A-C784-4DC1-B8BE-3457E66A242F}.Debug|Any CPU.Build.0 = Debug|Any CPU
		{86881C3A-C784-4DC1-B8BE-3457E66A242F}.Release|Any CPU.ActiveCfg = Release|Any CPU
		{86881C3A-C784-4DC1-B8BE-3457E66A242F}.Release|Any CPU.Build.0 = Release|Any CPU
	EndGlobalSection
	GlobalSection(SolutionProperties) = preSolution
		HideSolutionNode = FALSE
	EndGlobalSection
	GlobalSection(ExtensibilityGlobals) = postSolution
		SolutionGuid = {EF651C53-6C51-4E06-972B-C76041B9E5AB}
	EndGlobalSection
EndGlobal
